// !$*UTF8*$!
{
	archiveVersion = 1;
	classes = {
	};
	objectVersion = 50;
	objects = {

/* Begin PBXBuildFile section */
		4599C0EC12A0D8133005027D /* libPods-教务管理系统学生端.a in Frameworks */ = {isa = PBXBuildFile; fileRef = 24830D56FF970D66DB37C159 /* libPods-教务管理系统学生端.a */; };
		9705D3F7229CD97E00A83683 /* SGURegisterViewController.m in Sources */ = {isa = PBXBuildFile; fileRef = 9705D3F6229CD97E00A83683 /* SGURegisterViewController.m */; };
		9705D3FA229CD9A000A83683 /* SGURegisterView.m in Sources */ = {isa = PBXBuildFile; fileRef = 9705D3F9229CD9A000A83683 /* SGURegisterView.m */; };
		9705D3FD229CDB9C00A83683 /* sgu_bt_login.png in Resources */ = {isa = PBXBuildFile; fileRef = 9705D3FB229CDB9C00A83683 /* sgu_bt_login.png */; };
		9705D3FE229CDB9C00A83683 /* sgu_ic_login_password.png in Resources */ = {isa = PBXBuildFile; fileRef = 9705D3FC229CDB9C00A83683 /* sgu_ic_login_password.png */; };
		9705D400229CDBC300A83683 /* sgu_ic_login_user.png in Resources */ = {isa = PBXBuildFile; fileRef = 9705D3FF229CDBC300A83683 /* sgu_ic_login_user.png */; };
		9705D402229CDBE600A83683 /* sgu_icon_login_shortline.png in Resources */ = {isa = PBXBuildFile; fileRef = 9705D401229CDBE600A83683 /* sgu_icon_login_shortline.png */; };
		9705D404229CDCCB00A83683 /* sgu_ic_logo.png in Resources */ = {isa = PBXBuildFile; fileRef = 9705D403229CDCCB00A83683 /* sgu_ic_logo.png */; };
		970924272276C44B00DA25C0 /* AppDelegate.m in Sources */ = {isa = PBXBuildFile; fileRef = 970924262276C44B00DA25C0 /* AppDelegate.m */; };
		9709242A2276C44B00DA25C0 /* ViewController.m in Sources */ = {isa = PBXBuildFile; fileRef = 970924292276C44B00DA25C0 /* ViewController.m */; };
		9709242D2276C44B00DA25C0 /* Main.storyboard in Resources */ = {isa = PBXBuildFile; fileRef = 9709242B2276C44B00DA25C0 /* Main.storyboard */; };
		9709242F2276C44D00DA25C0 /* Assets.xcassets in Resources */ = {isa = PBXBuildFile; fileRef = 9709242E2276C44D00DA25C0 /* Assets.xcassets */; };
		970924322276C44D00DA25C0 /* LaunchScreen.storyboard in Resources */ = {isa = PBXBuildFile; fileRef = 970924302276C44D00DA25C0 /* LaunchScreen.storyboard */; };
		970924352276C44D00DA25C0 /* main.m in Sources */ = {isa = PBXBuildFile; fileRef = 970924342276C44D00DA25C0 /* main.m */; };
		9709243F2276C44D00DA25C0 /* _________Tests.m in Sources */ = {isa = PBXBuildFile; fileRef = 9709243E2276C44D00DA25C0 /* _________Tests.m */; };
		9709244A2276C44D00DA25C0 /* _________UITests.m in Sources */ = {isa = PBXBuildFile; fileRef = 970924492276C44D00DA25C0 /* _________UITests.m */; };
		9709245A2276CB4500DA25C0 /* SGUCourseChartsViewController.m in Sources */ = {isa = PBXBuildFile; fileRef = 970924592276CB4500DA25C0 /* SGUCourseChartsViewController.m */; };
		970924632276CE1500DA25C0 /* SGUCourseChartsView.m in Sources */ = {isa = PBXBuildFile; fileRef = 970924622276CE1500DA25C0 /* SGUCourseChartsView.m */; };
		9709246A2276CE5900DA25C0 /* SGUScoresView.m in Sources */ = {isa = PBXBuildFile; fileRef = 970924692276CE5900DA25C0 /* SGUScoresView.m */; };
		970924712276CEA800DA25C0 /* SGUMineView.m in Sources */ = {isa = PBXBuildFile; fileRef = 970924702276CEA800DA25C0 /* SGUMineView.m */; };
		970924772276D20F00DA25C0 /* UIView+Geometry.m in Sources */ = {isa = PBXBuildFile; fileRef = 970924762276D20F00DA25C0 /* UIView+Geometry.m */; };
		970924862276D77E00DA25C0 /* SGULoginView.m in Sources */ = {isa = PBXBuildFile; fileRef = 970924852276D77E00DA25C0 /* SGULoginView.m */; };
		970924892276D83400DA25C0 /* SGULoginViewController.m in Sources */ = {isa = PBXBuildFile; fileRef = 970924882276D83400DA25C0 /* SGULoginViewController.m */; };
		9709248C2276DB1B00DA25C0 /* SGUBaseTabBarController.m in Sources */ = {isa = PBXBuildFile; fileRef = 9709248B2276DB1B00DA25C0 /* SGUBaseTabBarController.m */; };
		970924932276DE2000DA25C0 /* sgu_ic_mine_tabBar.png in Resources */ = {isa = PBXBuildFile; fileRef = 970924922276DE2000DA25C0 /* sgu_ic_mine_tabBar.png */; };
		970924952276DE2700DA25C0 /* sgu_ic_scores_tabBar.png in Resources */ = {isa = PBXBuildFile; fileRef = 970924942276DE2700DA25C0 /* sgu_ic_scores_tabBar.png */; };
		970924972276DE2F00DA25C0 /* sgu_ic_course_tabBar.png in Resources */ = {isa = PBXBuildFile; fileRef = 970924962276DE2F00DA25C0 /* sgu_ic_course_tabBar.png */; };
		970924992276DE8A00DA25C0 /* 开机.jpg in Resources */ = {isa = PBXBuildFile; fileRef = 970924982276DE8A00DA25C0 /* 开机.jpg */; };
		9709249C2276E03200DA25C0 /* SGUScoresViewController.m in Sources */ = {isa = PBXBuildFile; fileRef = 9709249B2276E03200DA25C0 /* SGUScoresViewController.m */; };
		9709249F2276E0F000DA25C0 /* SGUMineViewController.m in Sources */ = {isa = PBXBuildFile; fileRef = 9709249E2276E0F000DA25C0 /* SGUMineViewController.m */; };
		97124E6122A54FED00D521A1 /* SGUScoresModel.m in Sources */ = {isa = PBXBuildFile; fileRef = 97124E6022A54FED00D521A1 /* SGUScoresModel.m */; };
		97172A81228941E100A49CF2 /* SGUDropDownMenuView.m in Sources */ = {isa = PBXBuildFile; fileRef = 97172A80228941E100A49CF2 /* SGUDropDownMenuView.m */; };
		97172A832289596200A49CF2 /* xiala.png in Resources */ = {isa = PBXBuildFile; fileRef = 97172A822289596100A49CF2 /* xiala.png */; };
		9743A8CF22A4F1DF000430A8 /* APIClient.m in Sources */ = {isa = PBXBuildFile; fileRef = 9743A8CB22A4F1DF000430A8 /* APIClient.m */; };
		9743A8D022A4F1DF000430A8 /* Reachability.m in Sources */ = {isa = PBXBuildFile; fileRef = 9743A8CD22A4F1DF000430A8 /* Reachability.m */; };
		9743A8D322A50276000430A8 /* SGUVerifyViewController.m in Sources */ = {isa = PBXBuildFile; fileRef = 9743A8D222A50276000430A8 /* SGUVerifyViewController.m */; };
		9743A8D622A5028B000430A8 /* SGUVerifyView.m in Sources */ = {isa = PBXBuildFile; fileRef = 9743A8D522A5028B000430A8 /* SGUVerifyView.m */; };
		97442B6F229D297C00E590EF /* SGUScoresTableViewCell.m in Sources */ = {isa = PBXBuildFile; fileRef = 97442B6E229D297C00E590EF /* SGUScoresTableViewCell.m */; };
		974F5F54227FFF43006BF185 /* SGUCourseChartsCollectionViewCell.m in Sources */ = {isa = PBXBuildFile; fileRef = 974F5F53227FFF43006BF185 /* SGUCourseChartsCollectionViewCell.m */; };
		979CF1F2229E796900339CB0 /* SGUMineTableViewCell.m in Sources */ = {isa = PBXBuildFile; fileRef = 979CF1F1229E796900339CB0 /* SGUMineTableViewCell.m */; };
		979CF1F4229E7C3900339CB0 /* 4.jpg in Resources */ = {isa = PBXBuildFile; fileRef = 979CF1F3229E7C3900339CB0 /* 4.jpg */; };
/* End PBXBuildFile section */

/* Begin PBXContainerItemProxy section */
		9709243B2276C44D00DA25C0 /* PBXContainerItemProxy */ = {
			isa = PBXContainerItemProxy;
			containerPortal = 9709241A2276C44B00DA25C0 /* Project object */;
			proxyType = 1;
			remoteGlobalIDString = 970924212276C44B00DA25C0;
			remoteInfo = "教务管理系统学生端";
		};
		970924462276C44D00DA25C0 /* PBXContainerItemProxy */ = {
			isa = PBXContainerItemProxy;
			containerPortal = 9709241A2276C44B00DA25C0 /* Project object */;
			proxyType = 1;
			remoteGlobalIDString = 970924212276C44B00DA25C0;
			remoteInfo = "教务管理系统学生端";
		};
/* End PBXContainerItemProxy section */

/* Begin PBXFileReference section */
		24830D56FF970D66DB37C159 /* libPods-教务管理系统学生端.a */ = {isa = PBXFileReference; explicitFileType = archive.ar; includeInIndex = 0; path = "libPods-教务管理系统学生端.a"; sourceTree = BUILT_PRODUCTS_DIR; };
		9705D3F4229CD72800A83683 /* PrefixHeader.pch */ = {isa = PBXFileReference; lastKnownFileType = sourcecode.c.h; path = PrefixHeader.pch; sourceTree = "<group>"; };
		9705D3F5229CD97E00A83683 /* SGURegisterViewController.h */ = {isa = PBXFileReference; lastKnownFileType = sourcecode.c.h; path = SGURegisterViewController.h; sourceTree = "<group>"; };
		9705D3F6229CD97E00A83683 /* SGURegisterViewController.m */ = {isa = PBXFileReference; lastKnownFileType = sourcecode.c.objc; path = SGURegisterViewController.m; sourceTree = "<group>"; };
		9705D3F8229CD9A000A83683 /* SGURegisterView.h */ = {isa = PBXFileReference; lastKnownFileType = sourcecode.c.h; path = SGURegisterView.h; sourceTree = "<group>"; };
		9705D3F9229CD9A000A83683 /* SGURegisterView.m */ = {isa = PBXFileReference; lastKnownFileType = sourcecode.c.objc; path = SGURegisterView.m; sourceTree = "<group>"; };
		9705D3FB229CDB9C00A83683 /* sgu_bt_login.png */ = {isa = PBXFileReference; lastKnownFileType = image.png; path = sgu_bt_login.png; sourceTree = "<group>"; };
		9705D3FC229CDB9C00A83683 /* sgu_ic_login_password.png */ = {isa = PBXFileReference; lastKnownFileType = image.png; path = sgu_ic_login_password.png; sourceTree = "<group>"; };
		9705D3FF229CDBC300A83683 /* sgu_ic_login_user.png */ = {isa = PBXFileReference; lastKnownFileType = image.png; path = sgu_ic_login_user.png; sourceTree = "<group>"; };
		9705D401229CDBE600A83683 /* sgu_icon_login_shortline.png */ = {isa = PBXFileReference; lastKnownFileType = image.png; path = sgu_icon_login_shortline.png; sourceTree = "<group>"; };
		9705D403229CDCCB00A83683 /* sgu_ic_logo.png */ = {isa = PBXFileReference; lastKnownFileType = image.png; path = sgu_ic_logo.png; sourceTree = "<group>"; };
		970924222276C44B00DA25C0 /* 教务管理系统学生端.app */ = {isa = PBXFileReference; explicitFileType = wrapper.application; includeInIndex = 0; path = "教务管理系统学生端.app"; sourceTree = BUILT_PRODUCTS_DIR; };
		970924252276C44B00DA25C0 /* AppDelegate.h */ = {isa = PBXFileReference; lastKnownFileType = sourcecode.c.h; path = AppDelegate.h; sourceTree = "<group>"; };
		970924262276C44B00DA25C0 /* AppDelegate.m */ = {isa = PBXFileReference; lastKnownFileType = sourcecode.c.objc; path = AppDelegate.m; sourceTree = "<group>"; };
		970924282276C44B00DA25C0 /* ViewController.h */ = {isa = PBXFileReference; lastKnownFileType = sourcecode.c.h; path = ViewController.h; sourceTree = "<group>"; };
		970924292276C44B00DA25C0 /* ViewController.m */ = {isa = PBXFileReference; lastKnownFileType = sourcecode.c.objc; path = ViewController.m; sourceTree = "<group>"; };
		9709242C2276C44B00DA25C0 /* Base */ = {isa = PBXFileReference; lastKnownFileType = file.storyboard; name = Base; path = Base.lproj/Main.storyboard; sourceTree = "<group>"; };
		9709242E2276C44D00DA25C0 /* Assets.xcassets */ = {isa = PBXFileReference; lastKnownFileType = folder.assetcatalog; path = Assets.xcassets; sourceTree = "<group>"; };
		970924312276C44D00DA25C0 /* Base */ = {isa = PBXFileReference; lastKnownFileType = file.storyboard; name = Base; path = Base.lproj/LaunchScreen.storyboard; sourceTree = "<group>"; };
		970924332276C44D00DA25C0 /* Info.plist */ = {isa = PBXFileReference; lastKnownFileType = text.plist.xml; path = Info.plist; sourceTree = "<group>"; };
		970924342276C44D00DA25C0 /* main.m */ = {isa = PBXFileReference; lastKnownFileType = sourcecode.c.objc; path = main.m; sourceTree = "<group>"; };
		9709243A2276C44D00DA25C0 /* 教务管理系统学生端Tests.xctest */ = {isa = PBXFileReference; explicitFileType = wrapper.cfbundle; includeInIndex = 0; path = "教务管理系统学生端Tests.xctest"; sourceTree = BUILT_PRODUCTS_DIR; };
		9709243E2276C44D00DA25C0 /* _________Tests.m */ = {isa = PBXFileReference; lastKnownFileType = sourcecode.c.objc; path = "_________Tests.m"; sourceTree = "<group>"; };
		970924402276C44D00DA25C0 /* Info.plist */ = {isa = PBXFileReference; lastKnownFileType = text.plist.xml; path = Info.plist; sourceTree = "<group>"; };
		970924452276C44D00DA25C0 /* 教务管理系统学生端UITests.xctest */ = {isa = PBXFileReference; explicitFileType = wrapper.cfbundle; includeInIndex = 0; path = "教务管理系统学生端UITests.xctest"; sourceTree = BUILT_PRODUCTS_DIR; };
		970924492276C44D00DA25C0 /* _________UITests.m */ = {isa = PBXFileReference; lastKnownFileType = sourcecode.c.objc; path = "_________UITests.m"; sourceTree = "<group>"; };
		9709244B2276C44D00DA25C0 /* Info.plist */ = {isa = PBXFileReference; lastKnownFileType = text.plist.xml; path = Info.plist; sourceTree = "<group>"; };
		970924582276CB4500DA25C0 /* SGUCourseChartsViewController.h */ = {isa = PBXFileReference; lastKnownFileType = sourcecode.c.h; path = SGUCourseChartsViewController.h; sourceTree = "<group>"; };
		970924592276CB4500DA25C0 /* SGUCourseChartsViewController.m */ = {isa = PBXFileReference; lastKnownFileType = sourcecode.c.objc; path = SGUCourseChartsViewController.m; sourceTree = "<group>"; };
		970924612276CE1500DA25C0 /* SGUCourseChartsView.h */ = {isa = PBXFileReference; lastKnownFileType = sourcecode.c.h; path = SGUCourseChartsView.h; sourceTree = "<group>"; };
		970924622276CE1500DA25C0 /* SGUCourseChartsView.m */ = {isa = PBXFileReference; lastKnownFileType = sourcecode.c.objc; path = SGUCourseChartsView.m; sourceTree = "<group>"; };
		970924682276CE5900DA25C0 /* SGUScoresView.h */ = {isa = PBXFileReference; lastKnownFileType = sourcecode.c.h; path = SGUScoresView.h; sourceTree = "<group>"; };
		970924692276CE5900DA25C0 /* SGUScoresView.m */ = {isa = PBXFileReference; lastKnownFileType = sourcecode.c.objc; path = SGUScoresView.m; sourceTree = "<group>"; };
		9709246F2276CEA800DA25C0 /* SGUMineView.h */ = {isa = PBXFileReference; lastKnownFileType = sourcecode.c.h; path = SGUMineView.h; sourceTree = "<group>"; };
		970924702276CEA800DA25C0 /* SGUMineView.m */ = {isa = PBXFileReference; lastKnownFileType = sourcecode.c.objc; path = SGUMineView.m; sourceTree = "<group>"; };
		970924752276D20700DA25C0 /* UIView+Geometry.h */ = {isa = PBXFileReference; lastKnownFileType = sourcecode.c.h; name = "UIView+Geometry.h"; path = "../../Calorie/Burning-calories-APP/Burning-calories-APP/Burning-calories-APP/Classes/Community/Views/UIView+Geometry.h"; sourceTree = "<group>"; };
		970924762276D20F00DA25C0 /* UIView+Geometry.m */ = {isa = PBXFileReference; fileEncoding = 4; lastKnownFileType = sourcecode.c.objc; name = "UIView+Geometry.m"; path = "../../Calorie/Burning-calories-APP/Burning-calories-APP/Burning-calories-APP/Classes/Community/Views/UIView+Geometry.m"; sourceTree = "<group>"; };
		970924842276D77E00DA25C0 /* SGULoginView.h */ = {isa = PBXFileReference; lastKnownFileType = sourcecode.c.h; path = SGULoginView.h; sourceTree = "<group>"; };
		970924852276D77E00DA25C0 /* SGULoginView.m */ = {isa = PBXFileReference; lastKnownFileType = sourcecode.c.objc; path = SGULoginView.m; sourceTree = "<group>"; };
		970924872276D83400DA25C0 /* SGULoginViewController.h */ = {isa = PBXFileReference; lastKnownFileType = sourcecode.c.h; path = SGULoginViewController.h; sourceTree = "<group>"; };
		970924882276D83400DA25C0 /* SGULoginViewController.m */ = {isa = PBXFileReference; lastKnownFileType = sourcecode.c.objc; path = SGULoginViewController.m; sourceTree = "<group>"; };
		9709248A2276DB1B00DA25C0 /* SGUBaseTabBarController.h */ = {isa = PBXFileReference; lastKnownFileType = sourcecode.c.h; path = SGUBaseTabBarController.h; sourceTree = "<group>"; };
		9709248B2276DB1B00DA25C0 /* SGUBaseTabBarController.m */ = {isa = PBXFileReference; lastKnownFileType = sourcecode.c.objc; path = SGUBaseTabBarController.m; sourceTree = "<group>"; };
		970924922276DE2000DA25C0 /* sgu_ic_mine_tabBar.png */ = {isa = PBXFileReference; lastKnownFileType = image.png; name = sgu_ic_mine_tabBar.png; path = ../../../../Downloads/sgu_ic_mine_tabBar.png; sourceTree = "<group>"; };
		970924942276DE2700DA25C0 /* sgu_ic_scores_tabBar.png */ = {isa = PBXFileReference; lastKnownFileType = image.png; name = sgu_ic_scores_tabBar.png; path = ../../../../Downloads/sgu_ic_scores_tabBar.png; sourceTree = "<group>"; };
		970924962276DE2F00DA25C0 /* sgu_ic_course_tabBar.png */ = {isa = PBXFileReference; lastKnownFileType = image.png; name = sgu_ic_course_tabBar.png; path = ../../../../Downloads/sgu_ic_course_tabBar.png; sourceTree = "<group>"; };
		970924982276DE8A00DA25C0 /* 开机.jpg */ = {isa = PBXFileReference; lastKnownFileType = image.jpeg; name = "开机.jpg"; path = "../../../Calorie/Burning-calories-APP/Burning-calories-APP/Burning-calories-APP/Resource/Welcome/开机.jpg"; sourceTree = "<group>"; };
		9709249A2276E03200DA25C0 /* SGUScoresViewController.h */ = {isa = PBXFileReference; lastKnownFileType = sourcecode.c.h; path = SGUScoresViewController.h; sourceTree = "<group>"; };
		9709249B2276E03200DA25C0 /* SGUScoresViewController.m */ = {isa = PBXFileReference; lastKnownFileType = sourcecode.c.objc; path = SGUScoresViewController.m; sourceTree = "<group>"; };
		9709249D2276E0F000DA25C0 /* SGUMineViewController.h */ = {isa = PBXFileReference; lastKnownFileType = sourcecode.c.h; path = SGUMineViewController.h; sourceTree = "<group>"; };
		9709249E2276E0F000DA25C0 /* SGUMineViewController.m */ = {isa = PBXFileReference; lastKnownFileType = sourcecode.c.objc; path = SGUMineViewController.m; sourceTree = "<group>"; };
		97124E5F22A54FED00D521A1 /* SGUScoresModel.h */ = {isa = PBXFileReference; lastKnownFileType = sourcecode.c.h; path = SGUScoresModel.h; sourceTree = "<group>"; };
		97124E6022A54FED00D521A1 /* SGUScoresModel.m */ = {isa = PBXFileReference; lastKnownFileType = sourcecode.c.objc; path = SGUScoresModel.m; sourceTree = "<group>"; };
		97172A7F228941E100A49CF2 /* SGUDropDownMenuView.h */ = {isa = PBXFileReference; lastKnownFileType = sourcecode.c.h; path = SGUDropDownMenuView.h; sourceTree = "<group>"; };
		97172A80228941E100A49CF2 /* SGUDropDownMenuView.m */ = {isa = PBXFileReference; lastKnownFileType = sourcecode.c.objc; path = SGUDropDownMenuView.m; sourceTree = "<group>"; };
		97172A822289596100A49CF2 /* xiala.png */ = {isa = PBXFileReference; lastKnownFileType = image.png; path = xiala.png; sourceTree = "<group>"; };
		9743A8CA22A4F1DF000430A8 /* APIClient.h */ = {isa = PBXFileReference; fileEncoding = 4; lastKnownFileType = sourcecode.c.h; path = APIClient.h; sourceTree = "<group>"; };
		9743A8CB22A4F1DF000430A8 /* APIClient.m */ = {isa = PBXFileReference; fileEncoding = 4; lastKnownFileType = sourcecode.c.objc; path = APIClient.m; sourceTree = "<group>"; };
		9743A8CC22A4F1DF000430A8 /* Reachability.h */ = {isa = PBXFileReference; fileEncoding = 4; lastKnownFileType = sourcecode.c.h; path = Reachability.h; sourceTree = "<group>"; };
		9743A8CD22A4F1DF000430A8 /* Reachability.m */ = {isa = PBXFileReference; fileEncoding = 4; lastKnownFileType = sourcecode.c.objc; path = Reachability.m; sourceTree = "<group>"; };
		9743A8CE22A4F1DF000430A8 /* Singleton.h */ = {isa = PBXFileReference; fileEncoding = 4; lastKnownFileType = sourcecode.c.h; path = Singleton.h; sourceTree = "<group>"; };
		9743A8D122A50276000430A8 /* SGUVerifyViewController.h */ = {isa = PBXFileReference; lastKnownFileType = sourcecode.c.h; path = SGUVerifyViewController.h; sourceTree = "<group>"; };
		9743A8D222A50276000430A8 /* SGUVerifyViewController.m */ = {isa = PBXFileReference; lastKnownFileType = sourcecode.c.objc; path = SGUVerifyViewController.m; sourceTree = "<group>"; };
		9743A8D422A5028B000430A8 /* SGUVerifyView.h */ = {isa = PBXFileReference; lastKnownFileType = sourcecode.c.h; path = SGUVerifyView.h; sourceTree = "<group>"; };
		9743A8D522A5028B000430A8 /* SGUVerifyView.m */ = {isa = PBXFileReference; lastKnownFileType = sourcecode.c.objc; path = SGUVerifyView.m; sourceTree = "<group>"; };
		97442B6D229D297C00E590EF /* SGUScoresTableViewCell.h */ = {isa = PBXFileReference; lastKnownFileType = sourcecode.c.h; path = SGUScoresTableViewCell.h; sourceTree = "<group>"; };
		97442B6E229D297C00E590EF /* SGUScoresTableViewCell.m */ = {isa = PBXFileReference; lastKnownFileType = sourcecode.c.objc; path = SGUScoresTableViewCell.m; sourceTree = "<group>"; };
		974F5F52227FFF43006BF185 /* SGUCourseChartsCollectionViewCell.h */ = {isa = PBXFileReference; lastKnownFileType = sourcecode.c.h; path = SGUCourseChartsCollectionViewCell.h; sourceTree = "<group>"; };
		974F5F53227FFF43006BF185 /* SGUCourseChartsCollectionViewCell.m */ = {isa = PBXFileReference; lastKnownFileType = sourcecode.c.objc; path = SGUCourseChartsCollectionViewCell.m; sourceTree = "<group>"; };
		979CF1F0229E796900339CB0 /* SGUMineTableViewCell.h */ = {isa = PBXFileReference; lastKnownFileType = sourcecode.c.h; path = SGUMineTableViewCell.h; sourceTree = "<group>"; };
		979CF1F1229E796900339CB0 /* SGUMineTableViewCell.m */ = {isa = PBXFileReference; lastKnownFileType = sourcecode.c.objc; path = SGUMineTableViewCell.m; sourceTree = "<group>"; };
		979CF1F3229E7C3900339CB0 /* 4.jpg */ = {isa = PBXFileReference; lastKnownFileType = image.jpeg; path = 4.jpg; sourceTree = "<group>"; };
		AF83AB187F2D5EC3C09CB5C2 /* Pods-教务管理系统学生端.debug.xcconfig */ = {isa = PBXFileReference; includeInIndex = 1; lastKnownFileType = text.xcconfig; name = "Pods-教务管理系统学生端.debug.xcconfig"; path = "Pods/Target Support Files/Pods-教务管理系统学生端/Pods-教务管理系统学生端.debug.xcconfig"; sourceTree = "<group>"; };
		D0DA934E50343EFBA545BC1D /* Pods-教务管理系统学生端.release.xcconfig */ = {isa = PBXFileReference; includeInIndex = 1; lastKnownFileType = text.xcconfig; name = "Pods-教务管理系统学生端.release.xcconfig"; path = "Pods/Target Support Files/Pods-教务管理系统学生端/Pods-教务管理系统学生端.release.xcconfig"; sourceTree = "<group>"; };
/* End PBXFileReference section */

/* Begin PBXFrameworksBuildPhase section */
		9709241F2276C44B00DA25C0 /* Frameworks */ = {
			isa = PBXFrameworksBuildPhase;
			buildActionMask = 2147483647;
			files = (
				4599C0EC12A0D8133005027D /* libPods-教务管理系统学生端.a in Frameworks */,
			);
			runOnlyForDeploymentPostprocessing = 0;
		};
		970924372276C44D00DA25C0 /* Frameworks */ = {
			isa = PBXFrameworksBuildPhase;
			buildActionMask = 2147483647;
			files = (
			);
			runOnlyForDeploymentPostprocessing = 0;
		};
		970924422276C44D00DA25C0 /* Frameworks */ = {
			isa = PBXFrameworksBuildPhase;
			buildActionMask = 2147483647;
			files = (
			);
			runOnlyForDeploymentPostprocessing = 0;
		};
/* End PBXFrameworksBuildPhase section */

/* Begin PBXGroup section */
		283E89E3E2F81398B72D501E /* Pods */ = {
			isa = PBXGroup;
			children = (
				AF83AB187F2D5EC3C09CB5C2 /* Pods-教务管理系统学生端.debug.xcconfig */,
				D0DA934E50343EFBA545BC1D /* Pods-教务管理系统学生端.release.xcconfig */,
			);
			name = Pods;
			sourceTree = "<group>";
		};
		44BBC8AA0322D5DA8BB3D2DE /* Frameworks */ = {
			isa = PBXGroup;
			children = (
				24830D56FF970D66DB37C159 /* libPods-教务管理系统学生端.a */,
			);
			name = Frameworks;
			sourceTree = "<group>";
		};
		970924192276C44B00DA25C0 = {
			isa = PBXGroup;
			children = (
				970924242276C44B00DA25C0 /* 教务管理系统学生端 */,
				9709243D2276C44D00DA25C0 /* 教务管理系统学生端Tests */,
				970924482276C44D00DA25C0 /* 教务管理系统学生端UITests */,
				970924232276C44B00DA25C0 /* Products */,
				283E89E3E2F81398B72D501E /* Pods */,
				44BBC8AA0322D5DA8BB3D2DE /* Frameworks */,
			);
			sourceTree = "<group>";
		};
		970924232276C44B00DA25C0 /* Products */ = {
			isa = PBXGroup;
			children = (
				970924222276C44B00DA25C0 /* 教务管理系统学生端.app */,
				9709243A2276C44D00DA25C0 /* 教务管理系统学生端Tests.xctest */,
				970924452276C44D00DA25C0 /* 教务管理系统学生端UITests.xctest */,
			);
			name = Products;
			sourceTree = "<group>";
		};
		970924242276C44B00DA25C0 /* 教务管理系统学生端 */ = {
			isa = PBXGroup;
			children = (
				9743A8C922A4F1DF000430A8 /* Manage */,
				970924782276D21C00DA25C0 /* Main */,
				970924752276D20700DA25C0 /* UIView+Geometry.h */,
				970924762276D20F00DA25C0 /* UIView+Geometry.m */,
				970924912276DE0800DA25C0 /* Resource */,
				9709247A2276D2D800DA25C0 /* Base */,
				970924792276D24B00DA25C0 /* Classes */,
				9709242B2276C44B00DA25C0 /* Main.storyboard */,
				9709242E2276C44D00DA25C0 /* Assets.xcassets */,
				970924302276C44D00DA25C0 /* LaunchScreen.storyboard */,
				970924332276C44D00DA25C0 /* Info.plist */,
				970924342276C44D00DA25C0 /* main.m */,
				9705D3F4229CD72800A83683 /* PrefixHeader.pch */,
			);
			path = "教务管理系统学生端";
			sourceTree = "<group>";
		};
		9709243D2276C44D00DA25C0 /* 教务管理系统学生端Tests */ = {
			isa = PBXGroup;
			children = (
				9709243E2276C44D00DA25C0 /* _________Tests.m */,
				970924402276C44D00DA25C0 /* Info.plist */,
			);
			path = "教务管理系统学生端Tests";
			sourceTree = "<group>";
		};
		970924482276C44D00DA25C0 /* 教务管理系统学生端UITests */ = {
			isa = PBXGroup;
			children = (
				970924492276C44D00DA25C0 /* _________UITests.m */,
				9709244B2276C44D00DA25C0 /* Info.plist */,
			);
			path = "教务管理系统学生端UITests";
			sourceTree = "<group>";
		};
		970924572276C96000DA25C0 /* CourseCharts */ = {
			isa = PBXGroup;
			children = (
				970924602276CDF200DA25C0 /* View */,
				9709245B2276CB5000DA25C0 /* Controller */,
			);
			path = CourseCharts;
			sourceTree = "<group>";
		};
		9709245B2276CB5000DA25C0 /* Controller */ = {
			isa = PBXGroup;
			children = (
				970924582276CB4500DA25C0 /* SGUCourseChartsViewController.h */,
				970924592276CB4500DA25C0 /* SGUCourseChartsViewController.m */,
			);
			path = Controller;
			sourceTree = "<group>";
		};
		9709245D2276CBE100DA25C0 /* Mine */ = {
			isa = PBXGroup;
			children = (
				970924672276CE3E00DA25C0 /* Controller */,
				970924662276CE3900DA25C0 /* View */,
			);
			path = Mine;
			sourceTree = "<group>";
		};
		9709245F2276CDD900DA25C0 /* Scores */ = {
			isa = PBXGroup;
			children = (
				97124E5E22A54FC500D521A1 /* Model */,
				970924652276CE2F00DA25C0 /* View */,
				970924642276CE2300DA25C0 /* Controller */,
			);
			path = Scores;
			sourceTree = "<group>";
		};
		970924602276CDF200DA25C0 /* View */ = {
			isa = PBXGroup;
			children = (
				970924612276CE1500DA25C0 /* SGUCourseChartsView.h */,
				970924622276CE1500DA25C0 /* SGUCourseChartsView.m */,
				974F5F52227FFF43006BF185 /* SGUCourseChartsCollectionViewCell.h */,
				974F5F53227FFF43006BF185 /* SGUCourseChartsCollectionViewCell.m */,
			);
			path = View;
			sourceTree = "<group>";
		};
		970924642276CE2300DA25C0 /* Controller */ = {
			isa = PBXGroup;
			children = (
				9709249A2276E03200DA25C0 /* SGUScoresViewController.h */,
				9709249B2276E03200DA25C0 /* SGUScoresViewController.m */,
			);
			path = Controller;
			sourceTree = "<group>";
		};
		970924652276CE2F00DA25C0 /* View */ = {
			isa = PBXGroup;
			children = (
				970924682276CE5900DA25C0 /* SGUScoresView.h */,
				970924692276CE5900DA25C0 /* SGUScoresView.m */,
				97172A7F228941E100A49CF2 /* SGUDropDownMenuView.h */,
				97172A80228941E100A49CF2 /* SGUDropDownMenuView.m */,
				97442B6D229D297C00E590EF /* SGUScoresTableViewCell.h */,
				97442B6E229D297C00E590EF /* SGUScoresTableViewCell.m */,
			);
			path = View;
			sourceTree = "<group>";
		};
		970924662276CE3900DA25C0 /* View */ = {
			isa = PBXGroup;
			children = (
				9709246F2276CEA800DA25C0 /* SGUMineView.h */,
				970924702276CEA800DA25C0 /* SGUMineView.m */,
				979CF1F0229E796900339CB0 /* SGUMineTableViewCell.h */,
				979CF1F1229E796900339CB0 /* SGUMineTableViewCell.m */,
			);
			path = View;
			sourceTree = "<group>";
		};
		970924672276CE3E00DA25C0 /* Controller */ = {
			isa = PBXGroup;
			children = (
				9709249D2276E0F000DA25C0 /* SGUMineViewController.h */,
				9709249E2276E0F000DA25C0 /* SGUMineViewController.m */,
			);
			path = Controller;
			sourceTree = "<group>";
		};
		970924782276D21C00DA25C0 /* Main */ = {
			isa = PBXGroup;
			children = (
				970924252276C44B00DA25C0 /* AppDelegate.h */,
				970924262276C44B00DA25C0 /* AppDelegate.m */,
				970924282276C44B00DA25C0 /* ViewController.h */,
				970924292276C44B00DA25C0 /* ViewController.m */,
			);
			path = Main;
			sourceTree = "<group>";
		};
		970924792276D24B00DA25C0 /* Classes */ = {
			isa = PBXGroup;
			children = (
				9709247E2276D3E800DA25C0 /* LoginRegister */,
				970924572276C96000DA25C0 /* CourseCharts */,
				9709245D2276CBE100DA25C0 /* Mine */,
				9709245F2276CDD900DA25C0 /* Scores */,
			);
			path = Classes;
			sourceTree = "<group>";
		};
		9709247A2276D2D800DA25C0 /* Base */ = {
			isa = PBXGroup;
			children = (
				9709248A2276DB1B00DA25C0 /* SGUBaseTabBarController.h */,
				9709248B2276DB1B00DA25C0 /* SGUBaseTabBarController.m */,
			);
			path = Base;
			sourceTree = "<group>";
		};
		9709247E2276D3E800DA25C0 /* LoginRegister */ = {
			isa = PBXGroup;
			children = (
				970924802276D73100DA25C0 /* Controllers */,
				9709247F2276D72600DA25C0 /* Views */,
			);
			path = LoginRegister;
			sourceTree = "<group>";
		};
		9709247F2276D72600DA25C0 /* Views */ = {
			isa = PBXGroup;
			children = (
				970924842276D77E00DA25C0 /* SGULoginView.h */,
				970924852276D77E00DA25C0 /* SGULoginView.m */,
				9705D3F8229CD9A000A83683 /* SGURegisterView.h */,
				9705D3F9229CD9A000A83683 /* SGURegisterView.m */,
				9743A8D422A5028B000430A8 /* SGUVerifyView.h */,
				9743A8D522A5028B000430A8 /* SGUVerifyView.m */,
			);
			path = Views;
			sourceTree = "<group>";
		};
		970924802276D73100DA25C0 /* Controllers */ = {
			isa = PBXGroup;
			children = (
				970924872276D83400DA25C0 /* SGULoginViewController.h */,
				970924882276D83400DA25C0 /* SGULoginViewController.m */,
				9705D3F5229CD97E00A83683 /* SGURegisterViewController.h */,
				9705D3F6229CD97E00A83683 /* SGURegisterViewController.m */,
				9743A8D122A50276000430A8 /* SGUVerifyViewController.h */,
				9743A8D222A50276000430A8 /* SGUVerifyViewController.m */,
			);
			path = Controllers;
			sourceTree = "<group>";
		};
		970924912276DE0800DA25C0 /* Resource */ = {
			isa = PBXGroup;
			children = (
				979CF1F3229E7C3900339CB0 /* 4.jpg */,
				9705D403229CDCCB00A83683 /* sgu_ic_logo.png */,
				9705D401229CDBE600A83683 /* sgu_icon_login_shortline.png */,
				9705D3FF229CDBC300A83683 /* sgu_ic_login_user.png */,
				9705D3FB229CDB9C00A83683 /* sgu_bt_login.png */,
				9705D3FC229CDB9C00A83683 /* sgu_ic_login_password.png */,
				97172A822289596100A49CF2 /* xiala.png */,
				970924982276DE8A00DA25C0 /* 开机.jpg */,
				970924922276DE2000DA25C0 /* sgu_ic_mine_tabBar.png */,
				970924942276DE2700DA25C0 /* sgu_ic_scores_tabBar.png */,
				970924962276DE2F00DA25C0 /* sgu_ic_course_tabBar.png */,
			);
			path = Resource;
			sourceTree = "<group>";
		};
		97124E5E22A54FC500D521A1 /* Model */ = {
			isa = PBXGroup;
			children = (
				97124E5F22A54FED00D521A1 /* SGUScoresModel.h */,
				97124E6022A54FED00D521A1 /* SGUScoresModel.m */,
			);
			path = Model;
			sourceTree = "<group>";
		};
		9743A8C922A4F1DF000430A8 /* Manage */ = {
			isa = PBXGroup;
			children = (
				9743A8CA22A4F1DF000430A8 /* APIClient.h */,
				9743A8CB22A4F1DF000430A8 /* APIClient.m */,
				9743A8CC22A4F1DF000430A8 /* Reachability.h */,
				9743A8CD22A4F1DF000430A8 /* Reachability.m */,
				9743A8CE22A4F1DF000430A8 /* Singleton.h */,
			);
			path = Manage;
			sourceTree = "<group>";
		};
/* End PBXGroup section */

/* Begin PBXNativeTarget section */
		970924212276C44B00DA25C0 /* 教务管理系统学生端 */ = {
			isa = PBXNativeTarget;
			buildConfigurationList = 9709244E2276C44D00DA25C0 /* Build configuration list for PBXNativeTarget "教务管理系统学生端" */;
			buildPhases = (
				C9918E1E1D87F6FDE0219D44 /* [CP] Check Pods Manifest.lock */,
				9709241E2276C44B00DA25C0 /* Sources */,
				9709241F2276C44B00DA25C0 /* Frameworks */,
				970924202276C44B00DA25C0 /* Resources */,
			);
			buildRules = (
			);
			dependencies = (
			);
			name = "教务管理系统学生端";
			productName = "教务管理系统学生端";
			productReference = 970924222276C44B00DA25C0 /* 教务管理系统学生端.app */;
			productType = "com.apple.product-type.application";
		};
		970924392276C44D00DA25C0 /* 教务管理系统学生端Tests */ = {
			isa = PBXNativeTarget;
			buildConfigurationList = 970924512276C44D00DA25C0 /* Build configuration list for PBXNativeTarget "教务管理系统学生端Tests" */;
			buildPhases = (
				970924362276C44D00DA25C0 /* Sources */,
				970924372276C44D00DA25C0 /* Frameworks */,
				970924382276C44D00DA25C0 /* Resources */,
			);
			buildRules = (
			);
			dependencies = (
				9709243C2276C44D00DA25C0 /* PBXTargetDependency */,
			);
			name = "教务管理系统学生端Tests";
			productName = "教务管理系统学生端Tests";
			productReference = 9709243A2276C44D00DA25C0 /* 教务管理系统学生端Tests.xctest */;
			productType = "com.apple.product-type.bundle.unit-test";
		};
		970924442276C44D00DA25C0 /* 教务管理系统学生端UITests */ = {
			isa = PBXNativeTarget;
			buildConfigurationList = 970924542276C44D00DA25C0 /* Build configuration list for PBXNativeTarget "教务管理系统学生端UITests" */;
			buildPhases = (
				970924412276C44D00DA25C0 /* Sources */,
				970924422276C44D00DA25C0 /* Frameworks */,
				970924432276C44D00DA25C0 /* Resources */,
			);
			buildRules = (
			);
			dependencies = (
				970924472276C44D00DA25C0 /* PBXTargetDependency */,
			);
			name = "教务管理系统学生端UITests";
			productName = "教务管理系统学生端UITests";
			productReference = 970924452276C44D00DA25C0 /* 教务管理系统学生端UITests.xctest */;
			productType = "com.apple.product-type.bundle.ui-testing";
		};
/* End PBXNativeTarget section */

/* Begin PBXProject section */
		9709241A2276C44B00DA25C0 /* Project object */ = {
			isa = PBXProject;
			attributes = {
				LastUpgradeCheck = 0940;
				ORGANIZATIONNAME = "强淑婷";
				TargetAttributes = {
					970924212276C44B00DA25C0 = {
						CreatedOnToolsVersion = 9.4.1;
					};
					970924392276C44D00DA25C0 = {
						CreatedOnToolsVersion = 9.4.1;
						TestTargetID = 970924212276C44B00DA25C0;
					};
					970924442276C44D00DA25C0 = {
						CreatedOnToolsVersion = 9.4.1;
						TestTargetID = 970924212276C44B00DA25C0;
					};
				};
			};
			buildConfigurationList = 9709241D2276C44B00DA25C0 /* Build configuration list for PBXProject "教务管理系统学生端" */;
			compatibilityVersion = "Xcode 9.3";
			developmentRegion = en;
			hasScannedForEncodings = 0;
			knownRegions = (
				en,
				Base,
			);
			mainGroup = 970924192276C44B00DA25C0;
			productRefGroup = 970924232276C44B00DA25C0 /* Products */;
			projectDirPath = "";
			projectRoot = "";
			targets = (
				970924212276C44B00DA25C0 /* 教务管理系统学生端 */,
				970924392276C44D00DA25C0 /* 教务管理系统学生端Tests */,
				970924442276C44D00DA25C0 /* 教务管理系统学生端UITests */,
			);
		};
/* End PBXProject section */

/* Begin PBXResourcesBuildPhase section */
		970924202276C44B00DA25C0 /* Resources */ = {
			isa = PBXResourcesBuildPhase;
			buildActionMask = 2147483647;
			files = (
				970924972276DE2F00DA25C0 /* sgu_ic_course_tabBar.png in Resources */,
				970924992276DE8A00DA25C0 /* 开机.jpg in Resources */,
				9705D3FE229CDB9C00A83683 /* sgu_ic_login_password.png in Resources */,
				970924952276DE2700DA25C0 /* sgu_ic_scores_tabBar.png in Resources */,
				9705D3FD229CDB9C00A83683 /* sgu_bt_login.png in Resources */,
				9705D402229CDBE600A83683 /* sgu_icon_login_shortline.png in Resources */,
				9705D400229CDBC300A83683 /* sgu_ic_login_user.png in Resources */,
				97172A832289596200A49CF2 /* xiala.png in Resources */,
				979CF1F4229E7C3900339CB0 /* 4.jpg in Resources */,
				970924322276C44D00DA25C0 /* LaunchScreen.storyboard in Resources */,
				9709242F2276C44D00DA25C0 /* Assets.xcassets in Resources */,
				9705D404229CDCCB00A83683 /* sgu_ic_logo.png in Resources */,
				970924932276DE2000DA25C0 /* sgu_ic_mine_tabBar.png in Resources */,
				9709242D2276C44B00DA25C0 /* Main.storyboard in Resources */,
			);
			runOnlyForDeploymentPostprocessing = 0;
		};
		970924382276C44D00DA25C0 /* Resources */ = {
			isa = PBXResourcesBuildPhase;
			buildActionMask = 2147483647;
			files = (
			);
			runOnlyForDeploymentPostprocessing = 0;
		};
		970924432276C44D00DA25C0 /* Resources */ = {
			isa = PBXResourcesBuildPhase;
			buildActionMask = 2147483647;
			files = (
			);
			runOnlyForDeploymentPostprocessing = 0;
		};
/* End PBXResourcesBuildPhase section */

/* Begin PBXShellScriptBuildPhase section */
		C9918E1E1D87F6FDE0219D44 /* [CP] Check Pods Manifest.lock */ = {
			isa = PBXShellScriptBuildPhase;
			buildActionMask = 2147483647;
			files = (
			);
			inputPaths = (
				"${PODS_PODFILE_DIR_PATH}/Podfile.lock",
				"${PODS_ROOT}/Manifest.lock",
			);
			name = "[CP] Check Pods Manifest.lock";
			outputPaths = (
				"$(DERIVED_FILE_DIR)/Pods-教务管理系统学生端-checkManifestLockResult.txt",
			);
			runOnlyForDeploymentPostprocessing = 0;
			shellPath = /bin/sh;
			shellScript = "diff \"${PODS_PODFILE_DIR_PATH}/Podfile.lock\" \"${PODS_ROOT}/Manifest.lock\" > /dev/null\nif [ $? != 0 ] ; then\n    # print error to STDERR\n    echo \"error: The sandbox is not in sync with the Podfile.lock. Run 'pod install' or update your CocoaPods installation.\" >&2\n    exit 1\nfi\n# This output is used by Xcode 'outputs' to avoid re-running this script phase.\necho \"SUCCESS\" > \"${SCRIPT_OUTPUT_FILE_0}\"\n";
			showEnvVarsInLog = 0;
		};
/* End PBXShellScriptBuildPhase section */

/* Begin PBXSourcesBuildPhase section */
		9709241E2276C44B00DA25C0 /* Sources */ = {
			isa = PBXSourcesBuildPhase;
			buildActionMask = 2147483647;
			files = (
				974F5F54227FFF43006BF185 /* SGUCourseChartsCollectionViewCell.m in Sources */,
				970924772276D20F00DA25C0 /* UIView+Geometry.m in Sources */,
				9709242A2276C44B00DA25C0 /* ViewController.m in Sources */,
				9743A8D622A5028B000430A8 /* SGUVerifyView.m in Sources */,
				970924352276C44D00DA25C0 /* main.m in Sources */,
				9709249C2276E03200DA25C0 /* SGUScoresViewController.m in Sources */,
				9709248C2276DB1B00DA25C0 /* SGUBaseTabBarController.m in Sources */,
				979CF1F2229E796900339CB0 /* SGUMineTableViewCell.m in Sources */,
				97442B6F229D297C00E590EF /* SGUScoresTableViewCell.m in Sources */,
				9709245A2276CB4500DA25C0 /* SGUCourseChartsViewController.m in Sources */,
				97124E6122A54FED00D521A1 /* SGUScoresModel.m in Sources */,
				9743A8D322A50276000430A8 /* SGUVerifyViewController.m in Sources */,
				970924712276CEA800DA25C0 /* SGUMineView.m in Sources */,
				9743A8D022A4F1DF000430A8 /* Reachability.m in Sources */,
				970924272276C44B00DA25C0 /* AppDelegate.m in Sources */,
				9705D3F7229CD97E00A83683 /* SGURegisterViewController.m in Sources */,
				9709249F2276E0F000DA25C0 /* SGUMineViewController.m in Sources */,
				97172A81228941E100A49CF2 /* SGUDropDownMenuView.m in Sources */,
				970924892276D83400DA25C0 /* SGULoginViewController.m in Sources */,
				9743A8CF22A4F1DF000430A8 /* APIClient.m in Sources */,
				970924862276D77E00DA25C0 /* SGULoginView.m in Sources */,
				970924632276CE1500DA25C0 /* SGUCourseChartsView.m in Sources */,
				9709246A2276CE5900DA25C0 /* SGUScoresView.m in Sources */,
				9705D3FA229CD9A000A83683 /* SGURegisterView.m in Sources */,
			);
			runOnlyForDeploymentPostprocessing = 0;
		};
		970924362276C44D00DA25C0 /* Sources */ = {
			isa = PBXSourcesBuildPhase;
			buildActionMask = 2147483647;
			files = (
				9709243F2276C44D00DA25C0 /* _________Tests.m in Sources */,
			);
			runOnlyForDeploymentPostprocessing = 0;
		};
		970924412276C44D00DA25C0 /* Sources */ = {
			isa = PBXSourcesBuildPhase;
			buildActionMask = 2147483647;
			files = (
				9709244A2276C44D00DA25C0 /* _________UITests.m in Sources */,
			);
			runOnlyForDeploymentPostprocessing = 0;
		};
/* End PBXSourcesBuildPhase section */

/* Begin PBXTargetDependency section */
		9709243C2276C44D00DA25C0 /* PBXTargetDependency */ = {
			isa = PBXTargetDependency;
			target = 970924212276C44B00DA25C0 /* 教务管理系统学生端 */;
			targetProxy = 9709243B2276C44D00DA25C0 /* PBXContainerItemProxy */;
		};
		970924472276C44D00DA25C0 /* PBXTargetDependency */ = {
			isa = PBXTargetDependency;
			target = 970924212276C44B00DA25C0 /* 教务管理系统学生端 */;
			targetProxy = 970924462276C44D00DA25C0 /* PBXContainerItemProxy */;
		};
/* End PBXTargetDependency section */

/* Begin PBXVariantGroup section */
		9709242B2276C44B00DA25C0 /* Main.storyboard */ = {
			isa = PBXVariantGroup;
			children = (
				9709242C2276C44B00DA25C0 /* Base */,
			);
			name = Main.storyboard;
			sourceTree = "<group>";
		};
		970924302276C44D00DA25C0 /* LaunchScreen.storyboard */ = {
			isa = PBXVariantGroup;
			children = (
				970924312276C44D00DA25C0 /* Base */,
			);
			name = LaunchScreen.storyboard;
			sourceTree = "<group>";
		};
/* End PBXVariantGroup section */

/* Begin XCBuildConfiguration section */
		9709244C2276C44D00DA25C0 /* Debug */ = {
			isa = XCBuildConfiguration;
			buildSettings = {
				ALWAYS_SEARCH_USER_PATHS = NO;
				CLANG_ANALYZER_NONNULL = YES;
				CLANG_ANALYZER_NUMBER_OBJECT_CONVERSION = YES_AGGRESSIVE;
				CLANG_CXX_LANGUAGE_STANDARD = "gnu++14";
				CLANG_CXX_LIBRARY = "libc++";
				CLANG_ENABLE_MODULES = YES;
				CLANG_ENABLE_OBJC_ARC = YES;
				CLANG_ENABLE_OBJC_WEAK = YES;
				CLANG_WARN_BLOCK_CAPTURE_AUTORELEASING = YES;
				CLANG_WARN_BOOL_CONVERSION = YES;
				CLANG_WARN_COMMA = YES;
				CLANG_WARN_CONSTANT_CONVERSION = YES;
				CLANG_WARN_DEPRECATED_OBJC_IMPLEMENTATIONS = YES;
				CLANG_WARN_DIRECT_OBJC_ISA_USAGE = YES_ERROR;
				CLANG_WARN_DOCUMENTATION_COMMENTS = YES;
				CLANG_WARN_EMPTY_BODY = YES;
				CLANG_WARN_ENUM_CONVERSION = YES;
				CLANG_WARN_INFINITE_RECURSION = YES;
				CLANG_WARN_INT_CONVERSION = YES;
				CLANG_WARN_NON_LITERAL_NULL_CONVERSION = YES;
				CLANG_WARN_OBJC_IMPLICIT_RETAIN_SELF = YES;
				CLANG_WARN_OBJC_LITERAL_CONVERSION = YES;
				CLANG_WARN_OBJC_ROOT_CLASS = YES_ERROR;
				CLANG_WARN_RANGE_LOOP_ANALYSIS = YES;
				CLANG_WARN_STRICT_PROTOTYPES = YES;
				CLANG_WARN_SUSPICIOUS_MOVE = YES;
				CLANG_WARN_UNGUARDED_AVAILABILITY = YES_AGGRESSIVE;
				CLANG_WARN_UNREACHABLE_CODE = YES;
				CLANG_WARN__DUPLICATE_METHOD_MATCH = YES;
				CODE_SIGN_IDENTITY = "iPhone Developer";
				COPY_PHASE_STRIP = NO;
				DEBUG_INFORMATION_FORMAT = dwarf;
				ENABLE_STRICT_OBJC_MSGSEND = YES;
				ENABLE_TESTABILITY = YES;
				GCC_C_LANGUAGE_STANDARD = gnu11;
				GCC_DYNAMIC_NO_PIC = NO;
				GCC_NO_COMMON_BLOCKS = YES;
				GCC_OPTIMIZATION_LEVEL = 0;
				GCC_PREPROCESSOR_DEFINITIONS = (
					"DEBUG=1",
					"$(inherited)",
				);
				GCC_WARN_64_TO_32_BIT_CONVERSION = YES;
				GCC_WARN_ABOUT_RETURN_TYPE = YES_ERROR;
				GCC_WARN_UNDECLARED_SELECTOR = YES;
				GCC_WARN_UNINITIALIZED_AUTOS = YES_AGGRESSIVE;
				GCC_WARN_UNUSED_FUNCTION = YES;
				GCC_WARN_UNUSED_VARIABLE = YES;
				IPHONEOS_DEPLOYMENT_TARGET = 11.4;
				MTL_ENABLE_DEBUG_INFO = YES;
				ONLY_ACTIVE_ARCH = YES;
				SDKROOT = iphoneos;
			};
			name = Debug;
		};
		9709244D2276C44D00DA25C0 /* Release */ = {
			isa = XCBuildConfiguration;
			buildSettings = {
				ALWAYS_SEARCH_USER_PATHS = NO;
				CLANG_ANALYZER_NONNULL = YES;
				CLANG_ANALYZER_NUMBER_OBJECT_CONVERSION = YES_AGGRESSIVE;
				CLANG_CXX_LANGUAGE_STANDARD = "gnu++14";
				CLANG_CXX_LIBRARY = "libc++";
				CLANG_ENABLE_MODULES = YES;
				CLANG_ENABLE_OBJC_ARC = YES;
				CLANG_ENABLE_OBJC_WEAK = YES;
				CLANG_WARN_BLOCK_CAPTURE_AUTORELEASING = YES;
				CLANG_WARN_BOOL_CONVERSION = YES;
				CLANG_WARN_COMMA = YES;
				CLANG_WARN_CONSTANT_CONVERSION = YES;
				CLANG_WARN_DEPRECATED_OBJC_IMPLEMENTATIONS = YES;
				CLANG_WARN_DIRECT_OBJC_ISA_USAGE = YES_ERROR;
				CLANG_WARN_DOCUMENTATION_COMMENTS = YES;
				CLANG_WARN_EMPTY_BODY = YES;
				CLANG_WARN_ENUM_CONVERSION = YES;
				CLANG_WARN_INFINITE_RECURSION = YES;
				CLANG_WARN_INT_CONVERSION = YES;
				CLANG_WARN_NON_LITERAL_NULL_CONVERSION = YES;
				CLANG_WARN_OBJC_IMPLICIT_RETAIN_SELF = YES;
				CLANG_WARN_OBJC_LITERAL_CONVERSION = YES;
				CLANG_WARN_OBJC_ROOT_CLASS = YES_ERROR;
				CLANG_WARN_RANGE_LOOP_ANALYSIS = YES;
				CLANG_WARN_STRICT_PROTOTYPES = YES;
				CLANG_WARN_SUSPICIOUS_MOVE = YES;
				CLANG_WARN_UNGUARDED_AVAILABILITY = YES_AGGRESSIVE;
				CLANG_WARN_UNREACHABLE_CODE = YES;
				CLANG_WARN__DUPLICATE_METHOD_MATCH = YES;
				CODE_SIGN_IDENTITY = "iPhone Developer";
				COPY_PHASE_STRIP = NO;
				DEBUG_INFORMATION_FORMAT = "dwarf-with-dsym";
				ENABLE_NS_ASSERTIONS = NO;
				ENABLE_STRICT_OBJC_MSGSEND = YES;
				GCC_C_LANGUAGE_STANDARD = gnu11;
				GCC_NO_COMMON_BLOCKS = YES;
				GCC_WARN_64_TO_32_BIT_CONVERSION = YES;
				GCC_WARN_ABOUT_RETURN_TYPE = YES_ERROR;
				GCC_WARN_UNDECLARED_SELECTOR = YES;
				GCC_WARN_UNINITIALIZED_AUTOS = YES_AGGRESSIVE;
				GCC_WARN_UNUSED_FUNCTION = YES;
				GCC_WARN_UNUSED_VARIABLE = YES;
				IPHONEOS_DEPLOYMENT_TARGET = 11.4;
				MTL_ENABLE_DEBUG_INFO = NO;
				SDKROOT = iphoneos;
				VALIDATE_PRODUCT = YES;
			};
			name = Release;
		};
		9709244F2276C44D00DA25C0 /* Debug */ = {
			isa = XCBuildConfiguration;
			baseConfigurationReference = AF83AB187F2D5EC3C09CB5C2 /* Pods-教务管理系统学生端.debug.xcconfig */;
			buildSettings = {
				ASSETCATALOG_COMPILER_APPICON_NAME = AppIcon;
				CODE_SIGN_STYLE = Automatic;
				DEVELOPMENT_TEAM = R4CRLLJSKR;
				GCC_PRECOMPILE_PREFIX_HEADER = YES;
				GCC_PREFIX_HEADER = "$(SRCROOT)/教务管理系统学生端/PrefixHeader.pch";
				INFOPLIST_FILE = "教务管理系统学生端/Info.plist";
				LD_RUNPATH_SEARCH_PATHS = (
					"$(inherited)",
					"@executable_path/Frameworks",
				);
				PRODUCT_BUNDLE_IDENTIFIER = qst;
				PRODUCT_NAME = "$(TARGET_NAME)";
				TARGETED_DEVICE_FAMILY = "1,2";
			};
			name = Debug;
		};
		970924502276C44D00DA25C0 /* Release */ = {
			isa = XCBuildConfiguration;
			baseConfigurationReference = D0DA934E50343EFBA545BC1D /* Pods-教务管理系统学生端.release.xcconfig */;
			buildSettings = {
				ASSETCATALOG_COMPILER_APPICON_NAME = AppIcon;
				CODE_SIGN_STYLE = Automatic;
				DEVELOPMENT_TEAM = R4CRLLJSKR;
				GCC_PRECOMPILE_PREFIX_HEADER = YES;
				GCC_PREFIX_HEADER = "$(SRCROOT)/教务管理系统学生端/PrefixHeader.pch";
				INFOPLIST_FILE = "教务管理系统学生端/Info.plist";
				LD_RUNPATH_SEARCH_PATHS = (
					"$(inherited)",
					"@executable_path/Frameworks",
				);
				PRODUCT_BUNDLE_IDENTIFIER = qst;
				PRODUCT_NAME = "$(TARGET_NAME)";
				TARGETED_DEVICE_FAMILY = "1,2";
			};
			name = Release;
		};
		970924522276C44D00DA25C0 /* Debug */ = {
			isa = XCBuildConfiguration;
			buildSettings = {
				BUNDLE_LOADER = "$(TEST_HOST)";
				CODE_SIGN_STYLE = Automatic;
				INFOPLIST_FILE = "教务管理系统学生端Tests/Info.plist";
				LD_RUNPATH_SEARCH_PATHS = (
					"$(inherited)",
					"@executable_path/Frameworks",
					"@loader_path/Frameworks",
				);
				PRODUCT_BUNDLE_IDENTIFIER = "-.---------Tests";
				PRODUCT_NAME = "$(TARGET_NAME)";
				TARGETED_DEVICE_FAMILY = "1,2";
				TEST_HOST = "$(BUILT_PRODUCTS_DIR)/教务管理系统学生端.app/教务管理系统学生端";
			};
			name = Debug;
		};
		970924532276C44D00DA25C0 /* Release */ = {
			isa = XCBuildConfiguration;
			buildSettings = {
				BUNDLE_LOADER = "$(TEST_HOST)";
				CODE_SIGN_STYLE = Automatic;
				INFOPLIST_FILE = "教务管理系统学生端Tests/Info.plist";
				LD_RUNPATH_SEARCH_PATHS = (
					"$(inherited)",
					"@executable_path/Frameworks",
					"@loader_path/Frameworks",
				);
				PRODUCT_BUNDLE_IDENTIFIER = "-.---------Tests";
				PRODUCT_NAME = "$(TARGET_NAME)";
				TARGETED_DEVICE_FAMILY = "1,2";
				TEST_HOST = "$(BUILT_PRODUCTS_DIR)/教务管理系统学生端.app/教务管理系统学生端";
			};
			name = Release;
		};
		970924552276C44D00DA25C0 /* Debug */ = {
			isa = XCBuildConfiguration;
			buildSettings = {
				CODE_SIGN_STYLE = Automatic;
				INFOPLIST_FILE = "教务管理系统学生端UITests/Info.plist";
				LD_RUNPATH_SEARCH_PATHS = (
					"$(inherited)",
					"@executable_path/Frameworks",
					"@loader_path/Frameworks",
				);
				PRODUCT_BUNDLE_IDENTIFIER = "-.---------UITests";
				PRODUCT_NAME = "$(TARGET_NAME)";
				TARGETED_DEVICE_FAMILY = "1,2";
				TEST_TARGET_NAME = "教务管理系统学生端";
			};
			name = Debug;
		};
		970924562276C44D00DA25C0 /* Release */ = {
			isa = XCBuildConfiguration;
			buildSettings = {
				CODE_SIGN_STYLE = Automatic;
				INFOPLIST_FILE = "教务管理系统学生端UITests/Info.plist";
				LD_RUNPATH_SEARCH_PATHS = (
					"$(inherited)",
					"@executable_path/Frameworks",
					"@loader_path/Frameworks",
				);
				PRODUCT_BUNDLE_IDENTIFIER = "-.---------UITests";
				PRODUCT_NAME = "$(TARGET_NAME)";
				TARGETED_DEVICE_FAMILY = "1,2";
				TEST_TARGET_NAME = "教务管理系统学生端";
			};
			name = Release;
		};
/* End XCBuildConfiguration section */

/* Begin XCConfigurationList section */
		9709241D2276C44B00DA25C0 /* Build configuration list for PBXProject "教务管理系统学生端" */ = {
			isa = XCConfigurationList;
			buildConfigurations = (
				9709244C2276C44D00DA25C0 /* Debug */,
				9709244D2276C44D00DA25C0 /* Release */,
			);
			defaultConfigurationIsVisible = 0;
			defaultConfigurationName = Release;
		};
		9709244E2276C44D00DA25C0 /* Build configuration list for PBXNativeTarget "教务管理系统学生端" */ = {
			isa = XCConfigurationList;
			buildConfigurations = (
				9709244F2276C44D00DA25C0 /* Debug */,
				970924502276C44D00DA25C0 /* Release */,
			);
			defaultConfigurationIsVisible = 0;
			defaultConfigurationName = Release;
		};
		970924512276C44D00DA25C0 /* Build configuration list for PBXNativeTarget "教务管理系统学生端Tests" */ = {
			isa = XCConfigurationList;
			buildConfigurations = (
				970924522276C44D00DA25C0 /* Debug */,
				970924532276C44D00DA25C0 /* Release */,
			);
			defaultConfigurationIsVisible = 0;
			defaultConfigurationName = Release;
		};
		970924542276C44D00DA25C0 /* Build configuration list for PBXNativeTarget "教务管理系统学生端UITests" */ = {
			isa = XCConfigurationList;
			buildConfigurations = (
				970924552276C44D00DA25C0 /* Debug */,
				970924562276C44D00DA25C0 /* Release */,
			);
			defaultConfigurationIsVisible = 0;
			defaultConfigurationName = Release;
		};
/* End XCConfigurationList section */
	};
	rootObject = 9709241A2276C44B00DA25C0 /* Project object */;
}
